// !$*UTF8*$!
{
	archiveVersion = 1;
	classes = {
	};
	objectVersion = 56;
	objects = {

/* Begin PBXBuildFile section */
		7F38707E2A886183004EBCD3 /* Gymbo_MathApp.swift in Sources */ = {isa = PBXBuildFile; fileRef = 7F38707D2A886183004EBCD3 /* Gymbo_MathApp.swift */; };
		7F3870802A886183004EBCD3 /* ContentView.swift in Sources */ = {isa = PBXBuildFile; fileRef = 7F38707F2A886183004EBCD3 /* ContentView.swift */; };
		7F3870822A886185004EBCD3 /* Assets.xcassets in Resources */ = {isa = PBXBuildFile; fileRef = 7F3870812A886185004EBCD3 /* Assets.xcassets */; };
		7F3870852A886185004EBCD3 /* Preview Assets.xcassets in Resources */ = {isa = PBXBuildFile; fileRef = 7F3870842A886185004EBCD3 /* Preview Assets.xcassets */; };
		7F38708F2A886186004EBCD3 /* Gymbo_MathTests.swift in Sources */ = {isa = PBXBuildFile; fileRef = 7F38708E2A886186004EBCD3 /* Gymbo_MathTests.swift */; };
		7F3870992A886186004EBCD3 /* Gymbo_MathUITests.swift in Sources */ = {isa = PBXBuildFile; fileRef = 7F3870982A886186004EBCD3 /* Gymbo_MathUITests.swift */; };
		7F38709B2A886186004EBCD3 /* Gymbo_MathUITestsLaunchTests.swift in Sources */ = {isa = PBXBuildFile; fileRef = 7F38709A2A886186004EBCD3 /* Gymbo_MathUITestsLaunchTests.swift */; };
/* End PBXBuildFile section */

/* Begin PBXContainerItemProxy section */
		7F38708B2A886186004EBCD3 /* PBXContainerItemProxy */ = {
			isa = PBXContainerItemProxy;
			containerPortal = 7F3870722A886183004EBCD3 /* Project object */;
			proxyType = 1;
			remoteGlobalIDString = 7F3870792A886183004EBCD3;
			remoteInfo = Gymbo_Math;
		};
		7F3870952A886186004EBCD3 /* PBXContainerItemProxy */ = {
			isa = PBXContainerItemProxy;
			containerPortal = 7F3870722A886183004EBCD3 /* Project object */;
			proxyType = 1;
			remoteGlobalIDString = 7F3870792A886183004EBCD3;
			remoteInfo = Gymbo_Math;
		};
/* End PBXContainerItemProxy section */

/* Begin PBXFileReference section */
		7F38707A2A886183004EBCD3 /* Gymbo_Math.app */ = {isa = PBXFileReference; explicitFileType = wrapper.application; includeInIndex = 0; path = Gymbo_Math.app; sourceTree = BUILT_PRODUCTS_DIR; };
		7F38707D2A886183004EBCD3 /* Gymbo_MathApp.swift */ = {isa = PBXFileReference; lastKnownFileType = sourcecode.swift; path = Gymbo_MathApp.swift; sourceTree = "<group>"; };
		7F38707F2A886183004EBCD3 /* ContentView.swift */ = {isa = PBXFileReference; lastKnownFileType = sourcecode.swift; path = ContentView.swift; sourceTree = "<group>"; };
		7F3870812A886185004EBCD3 /* Assets.xcassets */ = {isa = PBXFileReference; lastKnownFileType = folder.assetcatalog; path = Assets.xcassets; sourceTree = "<group>"; };
		7F3870842A886185004EBCD3 /* Preview Assets.xcassets */ = {isa = PBXFileReference; lastKnownFileType = folder.assetcatalog; path = "Preview Assets.xcassets"; sourceTree = "<group>"; };
		7F38708A2A886186004EBCD3 /* Gymbo_MathTests.xctest */ = {isa = PBXFileReference; explicitFileType = wrapper.cfbundle; includeInIndex = 0; path = Gymbo_MathTests.xctest; sourceTree = BUILT_PRODUCTS_DIR; };
		7F38708E2A886186004EBCD3 /* Gymbo_MathTests.swift */ = {isa = PBXFileReference; lastKnownFileType = sourcecode.swift; path = Gymbo_MathTests.swift; sourceTree = "<group>"; };
		7F3870942A886186004EBCD3 /* Gymbo_MathUITests.xctest */ = {isa = PBXFileReference; explicitFileType = wrapper.cfbundle; includeInIndex = 0; path = Gymbo_MathUITests.xctest; sourceTree = BUILT_PRODUCTS_DIR; };
		7F3870982A886186004EBCD3 /* Gymbo_MathUITests.swift */ = {isa = PBXFileReference; lastKnownFileType = sourcecode.swift; path = Gymbo_MathUITests.swift; sourceTree = "<group>"; };
		7F38709A2A886186004EBCD3 /* Gymbo_MathUITestsLaunchTests.swift */ = {isa = PBXFileReference; lastKnownFileType = sourcecode.swift; path = Gymbo_MathUITestsLaunchTests.swift; sourceTree = "<group>"; };
/* End PBXFileReference section */

/* Begin PBXFrameworksBuildPhase section */
		7F3870772A886183004EBCD3 /* Frameworks */ = {
			isa = PBXFrameworksBuildPhase;
			buildActionMask = 2147483647;
			files = (
			);
			runOnlyForDeploymentPostprocessing = 0;
		};
		7F3870872A886186004EBCD3 /* Frameworks */ = {
			isa = PBXFrameworksBuildPhase;
			buildActionMask = 2147483647;
			files = (
			);
			runOnlyForDeploymentPostprocessing = 0;
		};
		7F3870912A886186004EBCD3 /* Frameworks */ = {
			isa = PBXFrameworksBuildPhase;
			buildActionMask = 2147483647;
			files = (
			);
			runOnlyForDeploymentPostprocessing = 0;
		};
/* End PBXFrameworksBuildPhase section */

/* Begin PBXGroup section */
		7F3870712A886183004EBCD3 = {
			isa = PBXGroup;
			children = (
				7F38707C2A886183004EBCD3 /* Gymbo_Math */,
				7F38708D2A886186004EBCD3 /* Gymbo_MathTests */,
				7F3870972A886186004EBCD3 /* Gymbo_MathUITests */,
				7F38707B2A886183004EBCD3 /* Products */,
			);
			sourceTree = "<group>";
		};
		7F38707B2A886183004EBCD3 /* Products */ = {
			isa = PBXGroup;
			children = (
				7F38707A2A886183004EBCD3 /* Gymbo_Math.app */,
				7F38708A2A886186004EBCD3 /* Gymbo_MathTests.xctest */,
				7F3870942A886186004EBCD3 /* Gymbo_MathUITests.xctest */,
			);
			name = Products;
			sourceTree = "<group>";
		};
		7F38707C2A886183004EBCD3 /* Gymbo_Math */ = {
			isa = PBXGroup;
			children = (
				7F38707D2A886183004EBCD3 /* Gymbo_MathApp.swift */,
				7F38707F2A886183004EBCD3 /* ContentView.swift */,
				7F3870812A886185004EBCD3 /* Assets.xcassets */,
				7F3870832A886185004EBCD3 /* Preview Content */,
			);
			path = Gymbo_Math;
			sourceTree = "<group>";
		};
		7F3870832A886185004EBCD3 /* Preview Content */ = {
			isa = PBXGroup;
			children = (
				7F3870842A886185004EBCD3 /* Preview Assets.xcassets */,
			);
			path = "Preview Content";
			sourceTree = "<group>";
		};
		7F38708D2A886186004EBCD3 /* Gymbo_MathTests */ = {
			isa = PBXGroup;
			children = (
				7F38708E2A886186004EBCD3 /* Gymbo_MathTests.swift */,
			);
			path = Gymbo_MathTests;
			sourceTree = "<group>";
		};
		7F3870972A886186004EBCD3 /* Gymbo_MathUITests */ = {
			isa = PBXGroup;
			children = (
				7F3870982A886186004EBCD3 /* Gymbo_MathUITests.swift */,
				7F38709A2A886186004EBCD3 /* Gymbo_MathUITestsLaunchTests.swift */,
			);
			path = Gymbo_MathUITests;
			sourceTree = "<group>";
		};
/* End PBXGroup section */

/* Begin PBXNativeTarget section */
		7F3870792A886183004EBCD3 /* Gymbo_Math */ = {
			isa = PBXNativeTarget;
			buildConfigurationList = 7F38709E2A886186004EBCD3 /* Build configuration list for PBXNativeTarget "Gymbo_Math" */;
			buildPhases = (
				7F3870762A886183004EBCD3 /* Sources */,
				7F3870772A886183004EBCD3 /* Frameworks */,
				7F3870782A886183004EBCD3 /* Resources */,
			);
			buildRules = (
			);
			dependencies = (
			);
			name = Gymbo_Math;
			productName = Gymbo_Math;
			productReference = 7F38707A2A886183004EBCD3 /* Gymbo_Math.app */;
			productType = "com.apple.product-type.application";
		};
		7F3870892A886186004EBCD3 /* Gymbo_MathTests */ = {
			isa = PBXNativeTarget;
			buildConfigurationList = 7F3870A12A886186004EBCD3 /* Build configuration list for PBXNativeTarget "Gymbo_MathTests" */;
			buildPhases = (
				7F3870862A886186004EBCD3 /* Sources */,
				7F3870872A886186004EBCD3 /* Frameworks */,
				7F3870882A886186004EBCD3 /* Resources */,
			);
			buildRules = (
			);
			dependencies = (
				7F38708C2A886186004EBCD3 /* PBXTargetDependency */,
			);
			name = Gymbo_MathTests;
			productName = Gymbo_MathTests;
			productReference = 7F38708A2A886186004EBCD3 /* Gymbo_MathTests.xctest */;
			productType = "com.apple.product-type.bundle.unit-test";
		};
		7F3870932A886186004EBCD3 /* Gymbo_MathUITests */ = {
			isa = PBXNativeTarget;
			buildConfigurationList = 7F3870A42A886186004EBCD3 /* Build configuration list for PBXNativeTarget "Gymbo_MathUITests" */;
			buildPhases = (
				7F3870902A886186004EBCD3 /* Sources */,
				7F3870912A886186004EBCD3 /* Frameworks */,
				7F3870922A886186004EBCD3 /* Resources */,
			);
			buildRules = (
			);
			dependencies = (
				7F3870962A886186004EBCD3 /* PBXTargetDependency */,
			);
			name = Gymbo_MathUITests;
			productName = Gymbo_MathUITests;
			productReference = 7F3870942A886186004EBCD3 /* Gymbo_MathUITests.xctest */;
			productType = "com.apple.product-type.bundle.ui-testing";
		};
/* End PBXNativeTarget section */

/* Begin PBXProject section */
		7F3870722A886183004EBCD3 /* Project object */ = {
			isa = PBXProject;
			attributes = {
				BuildIndependentTargetsInParallel = 1;
				LastSwiftUpdateCheck = 1430;
				LastUpgradeCheck = 1430;
				TargetAttributes = {
					7F3870792A886183004EBCD3 = {
						CreatedOnToolsVersion = 14.3.1;
					};
					7F3870892A886186004EBCD3 = {
						CreatedOnToolsVersion = 14.3.1;
						TestTargetID = 7F3870792A886183004EBCD3;
					};
					7F3870932A886186004EBCD3 = {
						CreatedOnToolsVersion = 14.3.1;
						TestTargetID = 7F3870792A886183004EBCD3;
					};
				};
			};
			buildConfigurationList = 7F3870752A886183004EBCD3 /* Build configuration list for PBXProject "Gymbo_Math" */;
			compatibilityVersion = "Xcode 14.0";
			developmentRegion = en;
			hasScannedForEncodings = 0;
			knownRegions = (
				en,
				Base,
			);
			mainGroup = 7F3870712A886183004EBCD3;
			productRefGroup = 7F38707B2A886183004EBCD3 /* Products */;
			projectDirPath = "";
			projectRoot = "";
			targets = (
				7F3870792A886183004EBCD3 /* Gymbo_Math */,
				7F3870892A886186004EBCD3 /* Gymbo_MathTests */,
				7F3870932A886186004EBCD3 /* Gymbo_MathUITests */,
			);
		};
/* End PBXProject section */

/* Begin PBXResourcesBuildPhase section */
		7F3870782A886183004EBCD3 /* Resources */ = {
			isa = PBXResourcesBuildPhase;
			buildActionMask = 2147483647;
			files = (
				7F3870852A886185004EBCD3 /* Preview Assets.xcassets in Resources */,
				7F3870822A886185004EBCD3 /* Assets.xcassets in Resources */,
			);
			runOnlyForDeploymentPostprocessing = 0;
		};
		7F3870882A886186004EBCD3 /* Resources */ = {
			isa = PBXResourcesBuildPhase;
			buildActionMask = 2147483647;
			files = (
			);
			runOnlyForDeploymentPostprocessing = 0;
		};
		7F3870922A886186004EBCD3 /* Resources */ = {
			isa = PBXResourcesBuildPhase;
			buildActionMask = 2147483647;
			files = (
			);
			runOnlyForDeploymentPostprocessing = 0;
		};
/* End PBXResourcesBuildPhase section */

/* Begin PBXSourcesBuildPhase section */
		7F3870762A886183004EBCD3 /* Sources */ = {
			isa = PBXSourcesBuildPhase;
			buildActionMask = 2147483647;
			files = (
				7F3870802A886183004EBCD3 /* ContentView.swift in Sources */,
				7F38707E2A886183004EBCD3 /* Gymbo_MathApp.swift in Sources */,
			);
			runOnlyForDeploymentPostprocessing = 0;
		};
		7F3870862A886186004EBCD3 /* Sources */ = {
			isa = PBXSourcesBuildPhase;
			buildActionMask = 2147483647;
			files = (
				7F38708F2A886186004EBCD3 /* Gymbo_MathTests.swift in Sources */,
			);
			runOnlyForDeploymentPostprocessing = 0;
		};
		7F3870902A886186004EBCD3 /* Sources */ = {
			isa = PBXSourcesBuildPhase;
			buildActionMask = 2147483647;
			files = (
				7F3870992A886186004EBCD3 /* Gymbo_MathUITests.swift in Sources */,
				7F38709B2A886186004EBCD3 /* Gymbo_MathUITestsLaunchTests.swift in Sources */,
			);
			runOnlyForDeploymentPostprocessing = 0;
		};
/* End PBXSourcesBuildPhase section */

/* Begin PBXTargetDependency section */
		7F38708C2A886186004EBCD3 /* PBXTargetDependency */ = {
			isa = PBXTargetDependency;
			target = 7F3870792A886183004EBCD3 /* Gymbo_Math */;
			targetProxy = 7F38708B2A886186004EBCD3 /* PBXContainerItemProxy */;
		};
		7F3870962A886186004EBCD3 /* PBXTargetDependency */ = {
			isa = PBXTargetDependency;
			target = 7F3870792A886183004EBCD3 /* Gymbo_Math */;
			targetProxy = 7F3870952A886186004EBCD3 /* PBXContainerItemProxy */;
		};
/* End PBXTargetDependency section */

/* Begin XCBuildConfiguration section */
		7F38709C2A886186004EBCD3 /* Debug */ = {
			isa = XCBuildConfiguration;
			buildSettings = {
				ALWAYS_SEARCH_USER_PATHS = NO;
				CLANG_ANALYZER_NONNULL = YES;
				CLANG_ANALYZER_NUMBER_OBJECT_CONVERSION = YES_AGGRESSIVE;
				CLANG_CXX_LANGUAGE_STANDARD = "gnu++20";
				CLANG_ENABLE_MODULES = YES;
				CLANG_ENABLE_OBJC_ARC = YES;
				CLANG_ENABLE_OBJC_WEAK = YES;
				CLANG_WARN_BLOCK_CAPTURE_AUTORELEASING = YES;
				CLANG_WARN_BOOL_CONVERSION = YES;
				CLANG_WARN_COMMA = YES;
				CLANG_WARN_CONSTANT_CONVERSION = YES;
				CLANG_WARN_DEPRECATED_OBJC_IMPLEMENTATIONS = YES;
				CLANG_WARN_DIRECT_OBJC_ISA_USAGE = YES_ERROR;
				CLANG_WARN_DOCUMENTATION_COMMENTS = YES;
				CLANG_WARN_EMPTY_BODY = YES;
				CLANG_WARN_ENUM_CONVERSION = YES;
				CLANG_WARN_INFINITE_RECURSION = YES;
				CLANG_WARN_INT_CONVERSION = YES;
				CLANG_WARN_NON_LITERAL_NULL_CONVERSION = YES;
				CLANG_WARN_OBJC_IMPLICIT_RETAIN_SELF = YES;
				CLANG_WARN_OBJC_LITERAL_CONVERSION = YES;
				CLANG_WARN_OBJC_ROOT_CLASS = YES_ERROR;
				CLANG_WARN_QUOTED_INCLUDE_IN_FRAMEWORK_HEADER = YES;
				CLANG_WARN_RANGE_LOOP_ANALYSIS = YES;
				CLANG_WARN_STRICT_PROTOTYPES = YES;
				CLANG_WARN_SUSPICIOUS_MOVE = YES;
				CLANG_WARN_UNGUARDED_AVAILABILITY = YES_AGGRESSIVE;
				CLANG_WARN_UNREACHABLE_CODE = YES;
				CLANG_WARN__DUPLICATE_METHOD_MATCH = YES;
				COPY_PHASE_STRIP = NO;
				DEBUG_INFORMATION_FORMAT = dwarf;
				ENABLE_STRICT_OBJC_MSGSEND = YES;
				ENABLE_TESTABILITY = YES;
				GCC_C_LANGUAGE_STANDARD = gnu11;
				GCC_DYNAMIC_NO_PIC = NO;
				GCC_NO_COMMON_BLOCKS = YES;
				GCC_OPTIMIZATION_LEVEL = 0;
				GCC_PREPROCESSOR_DEFINITIONS = (
					"DEBUG=1",
					"$(inherited)",
				);
				GCC_WARN_64_TO_32_BIT_CONVERSION = YES;
				GCC_WARN_ABOUT_RETURN_TYPE = YES_ERROR;
				GCC_WARN_UNDECLARED_SELECTOR = YES;
				GCC_WARN_UNINITIALIZED_AUTOS = YES_AGGRESSIVE;
				GCC_WARN_UNUSED_FUNCTION = YES;
				GCC_WARN_UNUSED_VARIABLE = YES;
				IPHONEOS_DEPLOYMENT_TARGET = 16.4;
				MTL_ENABLE_DEBUG_INFO = INCLUDE_SOURCE;
				MTL_FAST_MATH = YES;
				ONLY_ACTIVE_ARCH = YES;
				SDKROOT = iphoneos;
				SWIFT_ACTIVE_COMPILATION_CONDITIONS = DEBUG;
				SWIFT_OPTIMIZATION_LEVEL = "-Onone";
			};
			name = Debug;
		};
		7F38709D2A886186004EBCD3 /* Release */ = {
			isa = XCBuildConfiguration;
			buildSettings = {
				ALWAYS_SEARCH_USER_PATHS = NO;
				CLANG_ANALYZER_NONNULL = YES;
				CLANG_ANALYZER_NUMBER_OBJECT_CONVERSION = YES_AGGRESSIVE;
				CLANG_CXX_LANGUAGE_STANDARD = "gnu++20";
				CLANG_ENABLE_MODULES = YES;
				CLANG_ENABLE_OBJC_ARC = YES;
				CLANG_ENABLE_OBJC_WEAK = YES;
				CLANG_WARN_BLOCK_CAPTURE_AUTORELEASING = YES;
				CLANG_WARN_BOOL_CONVERSION = YES;
				CLANG_WARN_COMMA = YES;
				CLANG_WARN_CONSTANT_CONVERSION = YES;
				CLANG_WARN_DEPRECATED_OBJC_IMPLEMENTATIONS = YES;
				CLANG_WARN_DIRECT_OBJC_ISA_USAGE = YES_ERROR;
				CLANG_WARN_DOCUMENTATION_COMMENTS = YES;
				CLANG_WARN_EMPTY_BODY = YES;
				CLANG_WARN_ENUM_CONVERSION = YES;
				CLANG_WARN_INFINITE_RECURSION = YES;
				CLANG_WARN_INT_CONVERSION = YES;
				CLANG_WARN_NON_LITERAL_NULL_CONVERSION = YES;
				CLANG_WARN_OBJC_IMPLICIT_RETAIN_SELF = YES;
				CLANG_WARN_OBJC_LITERAL_CONVERSION = YES;
				CLANG_WARN_OBJC_ROOT_CLASS = YES_ERROR;
				CLANG_WARN_QUOTED_INCLUDE_IN_FRAMEWORK_HEADER = YES;
				CLANG_WARN_RANGE_LOOP_ANALYSIS = YES;
				CLANG_WARN_STRICT_PROTOTYPES = YES;
				CLANG_WARN_SUSPICIOUS_MOVE = YES;
				CLANG_WARN_UNGUARDED_AVAILABILITY = YES_AGGRESSIVE;
				CLANG_WARN_UNREACHABLE_CODE = YES;
				CLANG_WARN__DUPLICATE_METHOD_MATCH = YES;
				COPY_PHASE_STRIP = NO;
				DEBUG_INFORMATION_FORMAT = "dwarf-with-dsym";
				ENABLE_NS_ASSERTIONS = NO;
				ENABLE_STRICT_OBJC_MSGSEND = YES;
				GCC_C_LANGUAGE_STANDARD = gnu11;
				GCC_NO_COMMON_BLOCKS = YES;
				GCC_WARN_64_TO_32_BIT_CONVERSION = YES;
				GCC_WARN_ABOUT_RETURN_TYPE = YES_ERROR;
				GCC_WARN_UNDECLARED_SELECTOR = YES;
				GCC_WARN_UNINITIALIZED_AUTOS = YES_AGGRESSIVE;
				GCC_WARN_UNUSED_FUNCTION = YES;
				GCC_WARN_UNUSED_VARIABLE = YES;
				IPHONEOS_DEPLOYMENT_TARGET = 16.4;
				MTL_ENABLE_DEBUG_INFO = NO;
				MTL_FAST_MATH = YES;
				SDKROOT = iphoneos;
				SWIFT_COMPILATION_MODE = wholemodule;
				SWIFT_OPTIMIZATION_LEVEL = "-O";
				VALIDATE_PRODUCT = YES;
			};
			name = Release;
		};
		7F38709F2A886186004EBCD3 /* Debug */ = {
			isa = XCBuildConfiguration;
			buildSettings = {
				ASSETCATALOG_COMPILER_APPICON_NAME = AppIcon;
				ASSETCATALOG_COMPILER_GLOBAL_ACCENT_COLOR_NAME = AccentColor;
				CODE_SIGN_STYLE = Automatic;
				CURRENT_PROJECT_VERSION = 1;
				DEVELOPMENT_ASSET_PATHS = "\"Gymbo_Math/Preview Content\"";
				DEVELOPMENT_TEAM = 2H25TWY8UV;
				ENABLE_PREVIEWS = YES;
				GENERATE_INFOPLIST_FILE = YES;
				INFOPLIST_KEY_UIApplicationSceneManifest_Generation = YES;
				INFOPLIST_KEY_UIApplicationSupportsIndirectInputEvents = YES;
				INFOPLIST_KEY_UILaunchScreen_Generation = YES;
				INFOPLIST_KEY_UISupportedInterfaceOrientations_iPad = "UIInterfaceOrientationPortrait UIInterfaceOrientationPortraitUpsideDown UIInterfaceOrientationLandscapeLeft UIInterfaceOrientationLandscapeRight";
				INFOPLIST_KEY_UISupportedInterfaceOrientations_iPhone = "UIInterfaceOrientationPortrait UIInterfaceOrientationLandscapeLeft UIInterfaceOrientationLandscapeRight";
				LD_RUNPATH_SEARCH_PATHS = (
					"$(inherited)",
					"@executable_path/Frameworks",
				);
				MARKETING_VERSION = 1.0;
				PRODUCT_BUNDLE_IDENTIFIER = "playtime.Gymbo-Math";
				PRODUCT_NAME = "$(TARGET_NAME)";
				SWIFT_EMIT_LOC_STRINGS = YES;
				SWIFT_VERSION = 5.0;
				TARGETED_DEVICE_FAMILY = "1,2";
			};
			name = Debug;
		};
		7F3870A02A886186004EBCD3 /* Release */ = {
			isa = XCBuildConfiguration;
			buildSettings = {
				ASSETCATALOG_COMPILER_APPICON_NAME = AppIcon;
				ASSETCATALOG_COMPILER_GLOBAL_ACCENT_COLOR_NAME = AccentColor;
				CODE_SIGN_STYLE = Automatic;
				CURRENT_PROJECT_VERSION = 1;
				DEVELOPMENT_ASSET_PATHS = "\"Gymbo_Math/Preview Content\"";
				DEVELOPMENT_TEAM = 2H25TWY8UV;
				ENABLE_PREVIEWS = YES;
				GENERATE_INFOPLIST_FILE = YES;
				INFOPLIST_KEY_UIApplicationSceneManifest_Generation = YES;
				INFOPLIST_KEY_UIApplicationSupportsIndirectInputEvents = YES;
				INFOPLIST_KEY_UILaunchScreen_Generation = YES;
				INFOPLIST_KEY_UISupportedInterfaceOrientations_iPad = "UIInterfaceOrientationPortrait UIInterfaceOrientationPortraitUpsideDown UIInterfaceOrientationLandscapeLeft UIInterfaceOrientationLandscapeRight";
				INFOPLIST_KEY_UISupportedInterfaceOrientations_iPhone = "UIInterfaceOrientationPortrait UIInterfaceOrientationLandscapeLeft UIInterfaceOrientationLandscapeRight";
				LD_RUNPATH_SEARCH_PATHS = (
					"$(inherited)",
					"@executable_path/Frameworks",
				);
				MARKETING_VERSION = 1.0;
				PRODUCT_BUNDLE_IDENTIFIER = "playtime.Gymbo-Math";
				PRODUCT_NAME = "$(TARGET_NAME)";
				SWIFT_EMIT_LOC_STRINGS = YES;
				SWIFT_VERSION = 5.0;
				TARGETED_DEVICE_FAMILY = "1,2";
			};
			name = Release;
		};
		7F3870A22A886186004EBCD3 /* Debug */ = {
			isa = XCBuildConfiguration;
			buildSettings = {
				ALWAYS_EMBED_SWIFT_STANDARD_LIBRARIES = YES;
				BUNDLE_LOADER = "$(TEST_HOST)";
				CODE_SIGN_STYLE = Automatic;
				CURRENT_PROJECT_VERSION = 1;
				DEVELOPMENT_TEAM = 2H25TWY8UV;
				GENERATE_INFOPLIST_FILE = YES;
				IPHONEOS_DEPLOYMENT_TARGET = 16.4;
				MARKETING_VERSION = 1.0;
				PRODUCT_BUNDLE_IDENTIFIER = "playtime.Gymbo-MathTests";
				PRODUCT_NAME = "$(TARGET_NAME)";
				SWIFT_EMIT_LOC_STRINGS = NO;
				SWIFT_VERSION = 5.0;
				TARGETED_DEVICE_FAMILY = "1,2";
				TEST_HOST = "$(BUILT_PRODUCTS_DIR)/Gymbo_Math.app/$(BUNDLE_EXECUTABLE_FOLDER_PATH)/Gymbo_Math";
			};
			name = Debug;
		};
		7F3870A32A886186004EBCD3 /* Release */ = {
			isa = XCBuildConfiguration;
			buildSettings = {
				ALWAYS_EMBED_SWIFT_STANDARD_LIBRARIES = YES;
				BUNDLE_LOADER = "$(TEST_HOST)";
				CODE_SIGN_STYLE = Automatic;
				CURRENT_PROJECT_VERSION = 1;
				DEVELOPMENT_TEAM = 2H25TWY8UV;
				GENERATE_INFOPLIST_FILE = YES;
				IPHONEOS_DEPLOYMENT_TARGET = 16.4;
				MARKETING_VERSION = 1.0;
				PRODUCT_BUNDLE_IDENTIFIER = "playtime.Gymbo-MathTests";
				PRODUCT_NAME = "$(TARGET_NAME)";
				SWIFT_EMIT_LOC_STRINGS = NO;
				SWIFT_VERSION = 5.0;
				TARGETED_DEVICE_FAMILY = "1,2";
				TEST_HOST = "$(BUILT_PRODUCTS_DIR)/Gymbo_Math.app/$(BUNDLE_EXECUTABLE_FOLDER_PATH)/Gymbo_Math";
			};
			name = Release;
		};
		7F3870A52A886186004EBCD3 /* Debug */ = {
			isa = XCBuildConfiguration;
			buildSettings = {
				ALWAYS_EMBED_SWIFT_STANDARD_LIBRARIES = YES;
				CODE_SIGN_STYLE = Automatic;
				CURRENT_PROJECT_VERSION = 1;
				DEVELOPMENT_TEAM = 2H25TWY8UV;
				GENERATE_INFOPLIST_FILE = YES;
				MARKETING_VERSION = 1.0;
				PRODUCT_BUNDLE_IDENTIFIER = "playtime.Gymbo-MathUITests";
				PRODUCT_NAME = "$(TARGET_NAME)";
				SWIFT_EMIT_LOC_STRINGS = NO;
				SWIFT_VERSION = 5.0;
				TARGETED_DEVICE_FAMILY = "1,2";
				TEST_TARGET_NAME = Gymbo_Math;
			};
			name = Debug;
		};
		7F3870A62A886186004EBCD3 /* Release */ = {
			isa = XCBuildConfiguration;
			buildSettings = {
				ALWAYS_EMBED_SWIFT_STANDARD_LIBRARIES = YES;
				CODE_SIGN_STYLE = Automatic;
				CURRENT_PROJECT_VERSION = 1;
				DEVELOPMENT_TEAM = 2H25TWY8UV;
				GENERATE_INFOPLIST_FILE = YES;
				MARKETING_VERSION = 1.0;
				PRODUCT_BUNDLE_IDENTIFIER = "playtime.Gymbo-MathUITests";
				PRODUCT_NAME = "$(TARGET_NAME)";
				SWIFT_EMIT_LOC_STRINGS = NO;
				SWIFT_VERSION = 5.0;
				TARGETED_DEVICE_FAMILY = "1,2";
				TEST_TARGET_NAME = Gymbo_Math;
			};
			name = Release;
		};
/* End XCBuildConfiguration section */

/* Begin XCConfigurationList section */
		7F3870752A886183004EBCD3 /* Build configuration list for PBXProject "Gymbo_Math" */ = {
			isa = XCConfigurationList;
			buildConfigurations = (
				7F38709C2A886186004EBCD3 /* Debug */,
				7F38709D2A886186004EBCD3 /* Release */,
			);
			defaultConfigurationIsVisible = 0;
			defaultConfigurationName = Release;
		};
		7F38709E2A886186004EBCD3 /* Build configuration list for PBXNativeTarget "Gymbo_Math" */ = {
			isa = XCConfigurationList;
			buildConfigurations = (
				7F38709F2A886186004EBCD3 /* Debug */,
				7F3870A02A886186004EBCD3 /* Release */,
			);
			defaultConfigurationIsVisible = 0;
			defaultConfigurationName = Release;
		};
		7F3870A12A886186004EBCD3 /* Build configuration list for PBXNativeTarget "Gymbo_MathTests" */ = {
			isa = XCConfigurationList;
			buildConfigurations = (
				7F3870A22A886186004EBCD3 /* Debug */,
				7F3870A32A886186004EBCD3 /* Release */,
			);
			defaultConfigurationIsVisible = 0;
			defaultConfigurationName = Release;
		};
		7F3870A42A886186004EBCD3 /* Build configuration list for PBXNativeTarget "Gymbo_MathUITests" */ = {
			isa = XCConfigurationList;
			buildConfigurations = (
				7F3870A52A886186004EBCD3 /* Debug */,
				7F3870A62A886186004EBCD3 /* Release */,
			);
			defaultConfigurationIsVisible = 0;
			defaultConfigurationName = Release;
		};
/* End XCConfigurationList section */
	};
	rootObject = 7F3870722A886183004EBCD3 /* Project object */;
}
